
Microsoft Visual Studio Solution File, Format Version 12.00
# Visual Studio Version 16
VisualStudioVersion = 16.0.29728.190
MinimumVisualStudioVersion = 10.0.40219.1
Project("{8BC9CEB8-8B4A-11D0-8D11-00A0C91BC942}") = "ecs", "ecs\ecs.vcxproj", "{20C21200-57F1-4C56-8015-1496B90B099B}"
EndProject
Global
	GlobalSection(SolutionConfigurationPlatforms) = preSolution
		Debug|x64 = Debug|x64
		Debug|x86 = Debug|x86
		Release|x64 = Release|x64
		Release|x86 = Release|x86
	EndGlobalSection
	GlobalSection(ProjectConfigurationPlatforms) = postSolution
		{20C21200-57F1-4C56-8015-1496B90B099B}.Debug|x64.ActiveCfg = Debug|x64
		{20C21200-57F1-4C56-8015-1496B90B099B}.Debug|x64.Build.0 = Debug|x64
		{20C21200-57F1-4C56-8015-1496B90B099B}.Debug|x86.ActiveCfg = Debug|Win32
		{20C21200-57F1-4C56-8015-1496B90B099B}.Debug|x86.Build.0 = Debug|Win32
		{20C21200-57F1-4C56-8015-1496B90B099B}.Release|x64.ActiveCfg = Release|x64
		{20C21200-57F1-4C56-8015-1496B90B099B}.Release|x64.Build.0 = Release|x64
		{20C21200-57F1-4C56-8015-1496B90B099B}.Release|x86.ActiveCfg = Release|Win32
		{20C21200-57F1-4C56-8015-1496B90B099B}.Release|x86.Build.0 = Release|Win32
	EndGlobalSection
	GlobalSection(SolutionProperties) = preSolution
		HideSolutionNode = FALSE
	EndGlobalSection
	GlobalSection(ExtensibilityGlobals) = postSolution
		SolutionGuid = {F20BD347-D530-4F2E-9822-5024B4D8EA79}
	EndGlobalSection
EndGlobal
