<?xml version="1.0" encoding="utf-8"?>
<Project ToolsVersion="4.0" xmlns="http://schemas.microsoft.com/developer/msbuild/2003">
  <ItemGroup>
    <ClCompile Include="main.cpp" />
    <ClCompile Include="ColorPicker.cpp">
      <Filter>Helpers</Filter>
    </ClCompile>
    <ClCompile Include="RandomNumberGenerator.cpp">
      <Filter>Helpers</Filter>
    </ClCompile>
    <ClCompile Include="VectorMath.cpp">
      <Filter>Helpers</Filter>
    </ClCompile>
    <ClCompile Include="TextureManager.cpp">
      <Filter>Helpers</Filter>
    </ClCompile>
    <ClCompile Include="CircleMoveSystem.cpp">
      <Filter>Entities</Filter>
    </ClCompile>
    <ClCompile Include="ECSManager.cpp">
      <Filter>Entities</Filter>
    </ClCompile>
    <ClCompile Include="ECSSystem.cpp">
      <Filter>Entities</Filter>
    </ClCompile>
    <ClCompile Include="RenderSystem.cpp">
      <Filter>Entities</Filter>
    </ClCompile>
    <ClCompile Include="StatsSystem.cpp">
      <Filter>Entities</Filter>
    </ClCompile>
  </ItemGroup>
  <ItemGroup>
    <Filter Include="Entities">
      <UniqueIdentifier>{11fe306e-40cf-473b-be82-fc2969412a17}</UniqueIdentifier>
    </Filter>
    <Filter Include="Helpers">
      <UniqueIdentifier>{27002b94-2cb3-4378-a4f8-79177b7c372b}</UniqueIdentifier>
    </Filter>
  </ItemGroup>
  <ItemGroup>
    <ClInclude Include="Entity.h">
      <Filter>Entities</Filter>
    </ClInclude>
    <ClInclude Include="ColorPicker.h">
      <Filter>Helpers</Filter>
    </ClInclude>
    <ClInclude Include="RandomNumberGenerator.h">
      <Filter>Helpers</Filter>
    </ClInclude>
    <ClInclude Include="VectorMath.h">
      <Filter>Helpers</Filter>
    </ClInclude>
    <ClInclude Include="TextureManager.h">
      <Filter>Helpers</Filter>
    </ClInclude>
    <ClInclude Include="CircleComponents.h">
      <Filter>Entities</Filter>
    </ClInclude>
    <ClInclude Include="CircleMoveSystem.h">
      <Filter>Entities</Filter>
    </ClInclude>
    <ClInclude Include="ComponentVector.h">
      <Filter>Entities</Filter>
    </ClInclude>
    <ClInclude Include="ECSManager.h">
      <Filter>Entities</Filter>
    </ClInclude>
    <ClInclude Include="ECSSystem.h">
      <Filter>Entities</Filter>
    </ClInclude>
    <ClInclude Include="RenderSystem.h">
      <Filter>Entities</Filter>
    </ClInclude>
    <ClInclude Include="robin_hood.h">
      <Filter>Entities</Filter>
    </ClInclude>
    <ClInclude Include="StatsComponent.h">
      <Filter>Entities</Filter>
    </ClInclude>
    <ClInclude Include="StatsSystem.h">
      <Filter>Entities</Filter>
    </ClInclude>
  </ItemGroup>
</Project>